
Microsoft Visual Studio Solution File, Format Version 12.00
# Visual Studio Version 16
VisualStudioVersion = 16.0.28803.452
MinimumVisualStudioVersion = 10.0.40219.1
Project("{9A19103F-16F7-4668-BE54-9A1E7A4F7556}") = "BackendServer", "BackendServer\BackendServer.csproj", "{B68F3A84-5FB9-4AE1-8FFF-078E9B00FC53}"
EndProject
Project("{2150E333-8FDC-42A3-9474-1A3956D46DE8}") = "Solution Items", "Solution Items", "{ACE56AAE-8695-4B68-A173-7B326C110348}"
	ProjectSection(SolutionItems) = preProject
		.gitignore = .gitignore
		LICENSE = LICENSE
		README.md = README.md
	EndProjectSection
EndProject
Project("{FAE04EC0-301F-11D3-BF4B-00C04F79EFBC}") = "ChatUw", "ChatUw\ChatUw.csproj", "{423D5ABC-9EEA-47A6-93D8-1188027E0D2C}"
EndProject
Project("{FAE04EC0-301F-11D3-BF4B-00C04F79EFBC}") = "ChatUw.Tests", "ChatUw.Tests\ChatUw.Tests.csproj", "{88F9E3D2-20DE-4761-9D0E-8E2AF87C9472}"
EndProject
Project("{9A19103F-16F7-4668-BE54-9A1E7A4F7556}") = "BackendServer.Tests", "BackendServer.Tests\BackendServer.Tests.csproj", "{EE46BE0D-B8E4-4126-A4D4-861C343CB712}"
EndProject
Global
	GlobalSection(SolutionConfigurationPlatforms) = preSolution
		Debug|Any CPU = Debug|Any CPU
		Debug|ARM = Debug|ARM
		Debug|ARM64 = Debug|ARM64
		Debug|x64 = Debug|x64
		Debug|x86 = Debug|x86
		Release|Any CPU = Release|Any CPU
		Release|ARM = Release|ARM
		Release|ARM64 = Release|ARM64
		Release|x64 = Release|x64
		Release|x86 = Release|x86
	EndGlobalSection
	GlobalSection(ProjectConfigurationPlatforms) = postSolution
		{B68F3A84-5FB9-4AE1-8FFF-078E9B00FC53}.Debug|Any CPU.ActiveCfg = Debug|Any CPU
		{B68F3A84-5FB9-4AE1-8FFF-078E9B00FC53}.Debug|Any CPU.Build.0 = Debug|Any CPU
		{B68F3A84-5FB9-4AE1-8FFF-078E9B00FC53}.Debug|ARM.ActiveCfg = Debug|Any CPU
		{B68F3A84-5FB9-4AE1-8FFF-078E9B00FC53}.Debug|ARM.Build.0 = Debug|Any CPU
		{B68F3A84-5FB9-4AE1-8FFF-078E9B00FC53}.Debug|ARM64.ActiveCfg = Debug|Any CPU
		{B68F3A84-5FB9-4AE1-8FFF-078E9B00FC53}.Debug|ARM64.Build.0 = Debug|Any CPU
		{B68F3A84-5FB9-4AE1-8FFF-078E9B00FC53}.Debug|x64.ActiveCfg = Debug|Any CPU
		{B68F3A84-5FB9-4AE1-8FFF-078E9B00FC53}.Debug|x64.Build.0 = Debug|Any CPU
		{B68F3A84-5FB9-4AE1-8FFF-078E9B00FC53}.Debug|x86.ActiveCfg = Debug|Any CPU
		{B68F3A84-5FB9-4AE1-8FFF-078E9B00FC53}.Debug|x86.Build.0 = Debug|Any CPU
		{B68F3A84-5FB9-4AE1-8FFF-078E9B00FC53}.Release|Any CPU.ActiveCfg = Release|Any CPU
		{B68F3A84-5FB9-4AE1-8FFF-078E9B00FC53}.Release|Any CPU.Build.0 = Release|Any CPU
		{B68F3A84-5FB9-4AE1-8FFF-078E9B00FC53}.Release|ARM.ActiveCfg = Release|Any CPU
		{B68F3A84-5FB9-4AE1-8FFF-078E9B00FC53}.Release|ARM.Build.0 = Release|Any CPU
		{B68F3A84-5FB9-4AE1-8FFF-078E9B00FC53}.Release|ARM64.ActiveCfg = Release|Any CPU
		{B68F3A84-5FB9-4AE1-8FFF-078E9B00FC53}.Release|ARM64.Build.0 = Release|Any CPU
		{B68F3A84-5FB9-4AE1-8FFF-078E9B00FC53}.Release|x64.ActiveCfg = Release|Any CPU
		{B68F3A84-5FB9-4AE1-8FFF-078E9B00FC53}.Release|x64.Build.0 = Release|Any CPU
		{B68F3A84-5FB9-4AE1-8FFF-078E9B00FC53}.Release|x86.ActiveCfg = Release|Any CPU
		{B68F3A84-5FB9-4AE1-8FFF-078E9B00FC53}.Release|x86.Build.0 = Release|Any CPU
		{423D5ABC-9EEA-47A6-93D8-1188027E0D2C}.Debug|Any CPU.ActiveCfg = Debug|x86
		{423D5ABC-9EEA-47A6-93D8-1188027E0D2C}.Debug|Any CPU.Build.0 = Debug|x86
		{423D5ABC-9EEA-47A6-93D8-1188027E0D2C}.Debug|Any CPU.Deploy.0 = Debug|x86
		{423D5ABC-9EEA-47A6-93D8-1188027E0D2C}.Debug|ARM.ActiveCfg = Debug|ARM
		{423D5ABC-9EEA-47A6-93D8-1188027E0D2C}.Debug|ARM.Build.0 = Debug|ARM
		{423D5ABC-9EEA-47A6-93D8-1188027E0D2C}.Debug|ARM.Deploy.0 = Debug|ARM
		{423D5ABC-9EEA-47A6-93D8-1188027E0D2C}.Debug|ARM64.ActiveCfg = Debug|ARM64
		{423D5ABC-9EEA-47A6-93D8-1188027E0D2C}.Debug|ARM64.Build.0 = Debug|ARM64
		{423D5ABC-9EEA-47A6-93D8-1188027E0D2C}.Debug|ARM64.Deploy.0 = Debug|ARM64
		{423D5ABC-9EEA-47A6-93D8-1188027E0D2C}.Debug|x64.ActiveCfg = Debug|x64
		{423D5ABC-9EEA-47A6-93D8-1188027E0D2C}.Debug|x64.Build.0 = Debug|x64
		{423D5ABC-9EEA-47A6-93D8-1188027E0D2C}.Debug|x64.Deploy.0 = Debug|x64
		{423D5ABC-9EEA-47A6-93D8-1188027E0D2C}.Debug|x86.ActiveCfg = Debug|x86
		{423D5ABC-9EEA-47A6-93D8-1188027E0D2C}.Debug|x86.Build.0 = Debug|x86
		{423D5ABC-9EEA-47A6-93D8-1188027E0D2C}.Debug|x86.Deploy.0 = Debug|x86
		{423D5ABC-9EEA-47A6-93D8-1188027E0D2C}.Release|Any CPU.ActiveCfg = Release|x86
		{423D5ABC-9EEA-47A6-93D8-1188027E0D2C}.Release|ARM.ActiveCfg = Release|ARM
		{423D5ABC-9EEA-47A6-93D8-1188027E0D2C}.Release|ARM.Build.0 = Release|ARM
		{423D5ABC-9EEA-47A6-93D8-1188027E0D2C}.Release|ARM.Deploy.0 = Release|ARM
		{423D5ABC-9EEA-47A6-93D8-1188027E0D2C}.Release|ARM64.ActiveCfg = Release|ARM64
		{423D5ABC-9EEA-47A6-93D8-1188027E0D2C}.Release|ARM64.Build.0 = Release|ARM64
		{423D5ABC-9EEA-47A6-93D8-1188027E0D2C}.Release|ARM64.Deploy.0 = Release|ARM64
		{423D5ABC-9EEA-47A6-93D8-1188027E0D2C}.Release|x64.ActiveCfg = Release|x64
		{423D5ABC-9EEA-47A6-93D8-1188027E0D2C}.Release|x64.Build.0 = Release|x64
		{423D5ABC-9EEA-47A6-93D8-1188027E0D2C}.Release|x64.Deploy.0 = Release|x64
		{423D5ABC-9EEA-47A6-93D8-1188027E0D2C}.Release|x86.ActiveCfg = Release|x86
		{423D5ABC-9EEA-47A6-93D8-1188027E0D2C}.Release|x86.Build.0 = Release|x86
		{423D5ABC-9EEA-47A6-93D8-1188027E0D2C}.Release|x86.Deploy.0 = Release|x86
		{88F9E3D2-20DE-4761-9D0E-8E2AF87C9472}.Debug|Any CPU.ActiveCfg = Debug|x86
		{88F9E3D2-20DE-4761-9D0E-8E2AF87C9472}.Debug|Any CPU.Build.0 = Debug|x86
		{88F9E3D2-20DE-4761-9D0E-8E2AF87C9472}.Debug|ARM.ActiveCfg = Debug|ARM
		{88F9E3D2-20DE-4761-9D0E-8E2AF87C9472}.Debug|ARM.Build.0 = Debug|ARM
		{88F9E3D2-20DE-4761-9D0E-8E2AF87C9472}.Debug|ARM.Deploy.0 = Debug|ARM
		{88F9E3D2-20DE-4761-9D0E-8E2AF87C9472}.Debug|ARM64.ActiveCfg = Debug|ARM64
		{88F9E3D2-20DE-4761-9D0E-8E2AF87C9472}.Debug|ARM64.Build.0 = Debug|ARM64
		{88F9E3D2-20DE-4761-9D0E-8E2AF87C9472}.Debug|ARM64.Deploy.0 = Debug|ARM64
		{88F9E3D2-20DE-4761-9D0E-8E2AF87C9472}.Debug|x64.ActiveCfg = Debug|x64
		{88F9E3D2-20DE-4761-9D0E-8E2AF87C9472}.Debug|x64.Build.0 = Debug|x64
		{88F9E3D2-20DE-4761-9D0E-8E2AF87C9472}.Debug|x64.Deploy.0 = Debug|x64
		{88F9E3D2-20DE-4761-9D0E-8E2AF87C9472}.Debug|x86.ActiveCfg = Debug|x86
		{88F9E3D2-20DE-4761-9D0E-8E2AF87C9472}.Debug|x86.Build.0 = Debug|x86
		{88F9E3D2-20DE-4761-9D0E-8E2AF87C9472}.Debug|x86.Deploy.0 = Debug|x86
		{88F9E3D2-20DE-4761-9D0E-8E2AF87C9472}.Release|Any CPU.ActiveCfg = Release|x86
		{88F9E3D2-20DE-4761-9D0E-8E2AF87C9472}.Release|ARM.ActiveCfg = Release|ARM
		{88F9E3D2-20DE-4761-9D0E-8E2AF87C9472}.Release|ARM.Build.0 = Release|ARM
		{88F9E3D2-20DE-4761-9D0E-8E2AF87C9472}.Release|ARM.Deploy.0 = Release|ARM
		{88F9E3D2-20DE-4761-9D0E-8E2AF87C9472}.Release|ARM64.ActiveCfg = Release|ARM64
		{88F9E3D2-20DE-4761-9D0E-8E2AF87C9472}.Release|ARM64.Build.0 = Release|ARM64
		{88F9E3D2-20DE-4761-9D0E-8E2AF87C9472}.Release|ARM64.Deploy.0 = Release|ARM64
		{88F9E3D2-20DE-4761-9D0E-8E2AF87C9472}.Release|x64.ActiveCfg = Release|x64
		{88F9E3D2-20DE-4761-9D0E-8E2AF87C9472}.Release|x64.Build.0 = Release|x64
		{88F9E3D2-20DE-4761-9D0E-8E2AF87C9472}.Release|x64.Deploy.0 = Release|x64
		{88F9E3D2-20DE-4761-9D0E-8E2AF87C9472}.Release|x86.ActiveCfg = Release|x86
		{88F9E3D2-20DE-4761-9D0E-8E2AF87C9472}.Release|x86.Build.0 = Release|x86
		{88F9E3D2-20DE-4761-9D0E-8E2AF87C9472}.Release|x86.Deploy.0 = Release|x86
		{EE46BE0D-B8E4-4126-A4D4-861C343CB712}.Debug|Any CPU.ActiveCfg = Debug|Any CPU
		{EE46BE0D-B8E4-4126-A4D4-861C343CB712}.Debug|Any CPU.Build.0 = Debug|Any CPU
		{EE46BE0D-B8E4-4126-A4D4-861C343CB712}.Debug|ARM.ActiveCfg = Debug|Any CPU
		{EE46BE0D-B8E4-4126-A4D4-861C343CB712}.Debug|ARM.Build.0 = Debug|Any CPU
		{EE46BE0D-B8E4-4126-A4D4-861C343CB712}.Debug|ARM64.ActiveCfg = Debug|Any CPU
		{EE46BE0D-B8E4-4126-A4D4-861C343CB712}.Debug|ARM64.Build.0 = Debug|Any CPU
		{EE46BE0D-B8E4-4126-A4D4-861C343CB712}.Debug|x64.ActiveCfg = Debug|Any CPU
		{EE46BE0D-B8E4-4126-A4D4-861C343CB712}.Debug|x64.Build.0 = Debug|Any CPU
		{EE46BE0D-B8E4-4126-A4D4-861C343CB712}.Debug|x86.ActiveCfg = Debug|Any CPU
		{EE46BE0D-B8E4-4126-A4D4-861C343CB712}.Debug|x86.Build.0 = Debug|Any CPU
		{EE46BE0D-B8E4-4126-A4D4-861C343CB712}.Release|Any CPU.ActiveCfg = Release|Any CPU
		{EE46BE0D-B8E4-4126-A4D4-861C343CB712}.Release|Any CPU.Build.0 = Release|Any CPU
		{EE46BE0D-B8E4-4126-A4D4-861C343CB712}.Release|ARM.ActiveCfg = Release|Any CPU
		{EE46BE0D-B8E4-4126-A4D4-861C343CB712}.Release|ARM.Build.0 = Release|Any CPU
		{EE46BE0D-B8E4-4126-A4D4-861C343CB712}.Release|ARM64.ActiveCfg = Release|Any CPU
		{EE46BE0D-B8E4-4126-A4D4-861C343CB712}.Release|ARM64.Build.0 = Release|Any CPU
		{EE46BE0D-B8E4-4126-A4D4-861C343CB712}.Release|x64.ActiveCfg = Release|Any CPU
		{EE46BE0D-B8E4-4126-A4D4-861C343CB712}.Release|x64.Build.0 = Release|Any CPU
		{EE46BE0D-B8E4-4126-A4D4-861C343CB712}.Release|x86.ActiveCfg = Release|Any CPU
		{EE46BE0D-B8E4-4126-A4D4-861C343CB712}.Release|x86.Build.0 = Release|Any CPU
	EndGlobalSection
	GlobalSection(SolutionProperties) = preSolution
		HideSolutionNode = FALSE
	EndGlobalSection
	GlobalSection(ExtensibilityGlobals) = postSolution
		SolutionGuid = {1DB82C33-4119-4E9C-BE0A-CB8AC1177B82}
	EndGlobalSection
EndGlobal
